
Microsoft Visual Studio Solution File, Format Version 12.00
# Visual Studio Version 17
VisualStudioVersion = 17.4.33213.308
MinimumVisualStudioVersion = 10.0.40219.1
Project("{FAE04EC0-301F-11D3-BF4B-00C04F79EFBC}") = "MatematikaLibraries", "MatematikaLibraries\MatematikaLibraries.csproj", "{CDA4417E-26D3-4FD3-AD27-149B55DD41F2}"
EndProject
Project("{FAE04EC0-301F-11D3-BF4B-00C04F79EFBC}") = "ShowCase", "ShowCase\ShowCase.csproj", "{8D4B864A-0CC4-48D8-B233-35CCEB016DC3}"
EndProject
Global
	GlobalSection(SolutionConfigurationPlatforms) = preSolution
		Debug|Any CPU = Debug|Any CPU
		Release|Any CPU = Release|Any CPU
	EndGlobalSection
	GlobalSection(ProjectConfigurationPlatforms) = postSolution
		{CDA4417E-26D3-4FD3-AD27-149B55DD41F2}.Debug|Any CPU.ActiveCfg = Debug|Any CPU
		{CDA4417E-26D3-4FD3-AD27-149B55DD41F2}.Debug|Any CPU.Build.0 = Debug|Any CPU
		{CDA4417E-26D3-4FD3-AD27-149B55DD41F2}.Release|Any CPU.ActiveCfg = Release|Any CPU
		{CDA4417E-26D3-4FD3-AD27-149B55DD41F2}.Release|Any CPU.Build.0 = Release|Any CPU
		{8D4B864A-0CC4-48D8-B233-35CCEB016DC3}.Debug|Any CPU.ActiveCfg = Debug|Any CPU
		{8D4B864A-0CC4-48D8-B233-35CCEB016DC3}.Debug|Any CPU.Build.0 = Debug|Any CPU
		{8D4B864A-0CC4-48D8-B233-35CCEB016DC3}.Release|Any CPU.ActiveCfg = Release|Any CPU
		{8D4B864A-0CC4-48D8-B233-35CCEB016DC3}.Release|Any CPU.Build.0 = Release|Any CPU
	EndGlobalSection
	GlobalSection(SolutionProperties) = preSolution
		HideSolutionNode = FALSE
	EndGlobalSection
	GlobalSection(ExtensibilityGlobals) = postSolution
		SolutionGuid = {3CE86F23-C333-4A8D-9D72-D0FBDA6EBBD1}
	EndGlobalSection
EndGlobal
